
Microsoft Visual Studio Solution File, Format Version 12.00
# Visual Studio 15
VisualStudioVersion = 15.0.27428.2043
MinimumVisualStudioVersion = 10.0.40219.1
Project("{888888A0-9F3D-457C-B088-3A5042F75D52}") = "learning_users", "learning_users\learning_users.pyproj", "{FDD44AB7-7A46-4F17-91F0-5978A67FB95E}"
EndProject
Global
	GlobalSection(SolutionConfigurationPlatforms) = preSolution
		Debug|Any CPU = Debug|Any CPU
		Release|Any CPU = Release|Any CPU
	EndGlobalSection
	GlobalSection(ProjectConfigurationPlatforms) = postSolution
		{FDD44AB7-7A46-4F17-91F0-5978A67FB95E}.Debug|Any CPU.ActiveCfg = Debug|Any CPU
		{FDD44AB7-7A46-4F17-91F0-5978A67FB95E}.Debug|Any CPU.Build.0 = Debug|Any CPU
		{FDD44AB7-7A46-4F17-91F0-5978A67FB95E}.Release|Any CPU.ActiveCfg = Release|Any CPU
		{FDD44AB7-7A46-4F17-91F0-5978A67FB95E}.Release|Any CPU.Build.0 = Release|Any CPU
	EndGlobalSection
	GlobalSection(SolutionProperties) = preSolution
		HideSolutionNode = FALSE
	EndGlobalSection
	GlobalSection(ExtensibilityGlobals) = postSolution
		SolutionGuid = {A810C19B-288C-47FE-BB6B-874C0A690FED}
	EndGlobalSection
EndGlobal
